// !$*UTF8*$!
{
	archiveVersion = 1;
	classes = {
	};
	objectVersion = 46;
	objects = {

/* Begin PBXBuildFile section */
		6D4DED001F5FC420005C664C /* test.swift in Sources */ = {isa = PBXBuildFile; fileRef = 6D4DECFF1F5FC420005C664C /* test.swift */; };
		6D9876451F60E96E0060DE71 /* testFun.swift in Sources */ = {isa = PBXBuildFile; fileRef = 6D9876441F60E96E0060DE71 /* testFun.swift */; };
		6DB0F2DE1F5F802400A91BD4 /* AppDelegate.swift in Sources */ = {isa = PBXBuildFile; fileRef = 6DB0F2DD1F5F802400A91BD4 /* AppDelegate.swift */; };
		6DB0F2E01F5F802400A91BD4 /* ViewController.swift in Sources */ = {isa = PBXBuildFile; fileRef = 6DB0F2DF1F5F802400A91BD4 /* ViewController.swift */; };
		6DB0F2E31F5F802500A91BD4 /* Main.storyboard in Resources */ = {isa = PBXBuildFile; fileRef = 6DB0F2E11F5F802500A91BD4 /* Main.storyboard */; };
		6DB0F2E51F5F802600A91BD4 /* Assets.xcassets in Resources */ = {isa = PBXBuildFile; fileRef = 6DB0F2E41F5F802600A91BD4 /* Assets.xcassets */; };
		6DB0F2E81F5F802700A91BD4 /* LaunchScreen.storyboard in Resources */ = {isa = PBXBuildFile; fileRef = 6DB0F2E61F5F802700A91BD4 /* LaunchScreen.storyboard */; };
		6DB0F2F31F5F803D00A91BD4 /* Swift_TestTests.swift in Sources */ = {isa = PBXBuildFile; fileRef = 6DB0F2F21F5F803C00A91BD4 /* Swift_TestTests.swift */; };
		6DBBE9711F6B60FF00347388 /* MJNIndexViewSwift.swift in Sources */ = {isa = PBXBuildFile; fileRef = 6DBBE9701F6B60FF00347388 /* MJNIndexViewSwift.swift */; };
/* End PBXBuildFile section */

/* Begin PBXContainerItemProxy section */
		6DB0F2EF1F5F803B00A91BD4 /* PBXContainerItemProxy */ = {
			isa = PBXContainerItemProxy;
			containerPortal = 6DB0F2D21F5F802200A91BD4 /* Project object */;
			proxyType = 1;
			remoteGlobalIDString = 6DB0F2D91F5F802300A91BD4;
			remoteInfo = Swift_Test;
		};
/* End PBXContainerItemProxy section */

/* Begin PBXFileReference section */
		6D4DECFF1F5FC420005C664C /* test.swift */ = {isa = PBXFileReference; fileEncoding = 4; lastKnownFileType = sourcecode.swift; path = test.swift; sourceTree = "<group>"; };
		6D9876441F60E96E0060DE71 /* testFun.swift */ = {isa = PBXFileReference; fileEncoding = 4; lastKnownFileType = sourcecode.swift; path = testFun.swift; sourceTree = "<group>"; };
		6DB0F2DA1F5F802300A91BD4 /* Swift_Test.app */ = {isa = PBXFileReference; explicitFileType = wrapper.application; includeInIndex = 0; path = Swift_Test.app; sourceTree = BUILT_PRODUCTS_DIR; };
		6DB0F2DD1F5F802400A91BD4 /* AppDelegate.swift */ = {isa = PBXFileReference; lastKnownFileType = sourcecode.swift; path = AppDelegate.swift; sourceTree = "<group>"; };
		6DB0F2DF1F5F802400A91BD4 /* ViewController.swift */ = {isa = PBXFileReference; lastKnownFileType = sourcecode.swift; path = ViewController.swift; sourceTree = "<group>"; };
		6DB0F2E21F5F802500A91BD4 /* Base */ = {isa = PBXFileReference; lastKnownFileType = file.storyboard; name = Base; path = Base.lproj/Main.storyboard; sourceTree = "<group>"; };
		6DB0F2E41F5F802600A91BD4 /* Assets.xcassets */ = {isa = PBXFileReference; lastKnownFileType = folder.assetcatalog; path = Assets.xcassets; sourceTree = "<group>"; };
		6DB0F2E71F5F802700A91BD4 /* Base */ = {isa = PBXFileReference; lastKnownFileType = file.storyboard; name = Base; path = Base.lproj/LaunchScreen.storyboard; sourceTree = "<group>"; };
		6DB0F2E91F5F802700A91BD4 /* Info.plist */ = {isa = PBXFileReference; lastKnownFileType = text.plist.xml; path = Info.plist; sourceTree = "<group>"; };
		6DB0F2EE1F5F803B00A91BD4 /* Swift_TestTests.xctest */ = {isa = PBXFileReference; explicitFileType = wrapper.cfbundle; includeInIndex = 0; path = Swift_TestTests.xctest; sourceTree = BUILT_PRODUCTS_DIR; };
		6DB0F2F21F5F803C00A91BD4 /* Swift_TestTests.swift */ = {isa = PBXFileReference; lastKnownFileType = sourcecode.swift; path = Swift_TestTests.swift; sourceTree = "<group>"; };
		6DB0F2F41F5F803E00A91BD4 /* Info.plist */ = {isa = PBXFileReference; lastKnownFileType = text.plist.xml; path = Info.plist; sourceTree = "<group>"; };
		6DBBE9701F6B60FF00347388 /* MJNIndexViewSwift.swift */ = {isa = PBXFileReference; fileEncoding = 4; lastKnownFileType = sourcecode.swift; path = MJNIndexViewSwift.swift; sourceTree = "<group>"; };
/* End PBXFileReference section */

/* Begin PBXFrameworksBuildPhase section */
		6DB0F2D71F5F802300A91BD4 /* Frameworks */ = {
			isa = PBXFrameworksBuildPhase;
			buildActionMask = 2147483647;
			files = (
			);
			runOnlyForDeploymentPostprocessing = 0;
		};
		6DB0F2EB1F5F803B00A91BD4 /* Frameworks */ = {
			isa = PBXFrameworksBuildPhase;
			buildActionMask = 2147483647;
			files = (
			);
			runOnlyForDeploymentPostprocessing = 0;
		};
/* End PBXFrameworksBuildPhase section */

/* Begin PBXGroup section */
		6DB0F2D11F5F802200A91BD4 = {
			isa = PBXGroup;
			children = (
				6DB0F2DC1F5F802300A91BD4 /* Swift_Test */,
				6DB0F2F11F5F803B00A91BD4 /* Swift_TestTests */,
				6DB0F2DB1F5F802300A91BD4 /* Products */,
			);
			sourceTree = "<group>";
		};
		6DB0F2DB1F5F802300A91BD4 /* Products */ = {
			isa = PBXGroup;
			children = (
				6DB0F2DA1F5F802300A91BD4 /* Swift_Test.app */,
				6DB0F2EE1F5F803B00A91BD4 /* Swift_TestTests.xctest */,
			);
			name = Products;
			sourceTree = "<group>";
		};
		6DB0F2DC1F5F802300A91BD4 /* Swift_Test */ = {
			isa = PBXGroup;
			children = (
				6DBBE96F1F6B60FF00347388 /* MJNIndexView */,
				6DB0F2DD1F5F802400A91BD4 /* AppDelegate.swift */,
				6DB0F2DF1F5F802400A91BD4 /* ViewController.swift */,
				6DB0F2E11F5F802500A91BD4 /* Main.storyboard */,
				6DB0F2E41F5F802600A91BD4 /* Assets.xcassets */,
				6DB0F2E61F5F802700A91BD4 /* LaunchScreen.storyboard */,
				6DB0F2E91F5F802700A91BD4 /* Info.plist */,
				6D4DECFF1F5FC420005C664C /* test.swift */,
				6D9876441F60E96E0060DE71 /* testFun.swift */,
			);
			path = Swift_Test;
			sourceTree = "<group>";
		};
		6DB0F2F11F5F803B00A91BD4 /* Swift_TestTests */ = {
			isa = PBXGroup;
			children = (
				6DB0F2F21F5F803C00A91BD4 /* Swift_TestTests.swift */,
				6DB0F2F41F5F803E00A91BD4 /* Info.plist */,
			);
			path = Swift_TestTests;
			sourceTree = "<group>";
		};
		6DBBE96F1F6B60FF00347388 /* MJNIndexView */ = {
			isa = PBXGroup;
			children = (
				6DBBE9701F6B60FF00347388 /* MJNIndexViewSwift.swift */,
			);
			path = MJNIndexView;
			sourceTree = "<group>";
		};
/* End PBXGroup section */

/* Begin PBXNativeTarget section */
		6DB0F2D91F5F802300A91BD4 /* Swift_Test */ = {
			isa = PBXNativeTarget;
			buildConfigurationList = 6DB0F2F71F5F803E00A91BD4 /* Build configuration list for PBXNativeTarget "Swift_Test" */;
			buildPhases = (
				6DB0F2D61F5F802300A91BD4 /* Sources */,
				6DB0F2D71F5F802300A91BD4 /* Frameworks */,
				6DB0F2D81F5F802300A91BD4 /* Resources */,
			);
			buildRules = (
			);
			dependencies = (
			);
			name = Swift_Test;
			productName = Swift_Test;
			productReference = 6DB0F2DA1F5F802300A91BD4 /* Swift_Test.app */;
			productType = "com.apple.product-type.application";
		};
		6DB0F2ED1F5F803B00A91BD4 /* Swift_TestTests */ = {
			isa = PBXNativeTarget;
			buildConfigurationList = 6DB0F2FA1F5F803E00A91BD4 /* Build configuration list for PBXNativeTarget "Swift_TestTests" */;
			buildPhases = (
				6DB0F2EA1F5F803B00A91BD4 /* Sources */,
				6DB0F2EB1F5F803B00A91BD4 /* Frameworks */,
				6DB0F2EC1F5F803B00A91BD4 /* Resources */,
			);
			buildRules = (
			);
			dependencies = (
				6DB0F2F01F5F803B00A91BD4 /* PBXTargetDependency */,
			);
			name = Swift_TestTests;
			productName = Swift_TestTests;
			productReference = 6DB0F2EE1F5F803B00A91BD4 /* Swift_TestTests.xctest */;
			productType = "com.apple.product-type.bundle.unit-test";
		};
/* End PBXNativeTarget section */

/* Begin PBXProject section */
		6DB0F2D21F5F802200A91BD4 /* Project object */ = {
			isa = PBXProject;
			attributes = {
				LastSwiftUpdateCheck = 0830;
				LastUpgradeCheck = 0830;
				ORGANIZATIONNAME = Hosten_lym;
				TargetAttributes = {
					6DB0F2D91F5F802300A91BD4 = {
						CreatedOnToolsVersion = 8.3.3;
						DevelopmentTeam = WBAAXLQG52;
						ProvisioningStyle = Automatic;
					};
					6DB0F2ED1F5F803B00A91BD4 = {
						CreatedOnToolsVersion = 8.3.3;
						DevelopmentTeam = WBAAXLQG52;
						ProvisioningStyle = Automatic;
						TestTargetID = 6DB0F2D91F5F802300A91BD4;
					};
				};
			};
			buildConfigurationList = 6DB0F2D51F5F802200A91BD4 /* Build configuration list for PBXProject "Swift_Test" */;
			compatibilityVersion = "Xcode 3.2";
			developmentRegion = English;
			hasScannedForEncodings = 0;
			knownRegions = (
				en,
				Base,
			);
			mainGroup = 6DB0F2D11F5F802200A91BD4;
			productRefGroup = 6DB0F2DB1F5F802300A91BD4 /* Products */;
			projectDirPath = "";
			projectRoot = "";
			targets = (
				6DB0F2D91F5F802300A91BD4 /* Swift_Test */,
				6DB0F2ED1F5F803B00A91BD4 /* Swift_TestTests */,
			);
		};
/* End PBXProject section */

/* Begin PBXResourcesBuildPhase section */
		6DB0F2D81F5F802300A91BD4 /* Resources */ = {
			isa = PBXResourcesBuildPhase;
			buildActionMask = 2147483647;
			files = (
				6DB0F2E81F5F802700A91BD4 /* LaunchScreen.storyboard in Resources */,
				6DB0F2E51F5F802600A91BD4 /* Assets.xcassets in Resources */,
				6DB0F2E31F5F802500A91BD4 /* Main.storyboard in Resources */,
			);
			runOnlyForDeploymentPostprocessing = 0;
		};
		6DB0F2EC1F5F803B00A91BD4 /* Resources */ = {
			isa = PBXResourcesBuildPhase;
			buildActionMask = 2147483647;
			files = (
			);
			runOnlyForDeploymentPostprocessing = 0;
		};
/* End PBXResourcesBuildPhase section */

/* Begin PBXSourcesBuildPhase section */
		6DB0F2D61F5F802300A91BD4 /* Sources */ = {
			isa = PBXSourcesBuildPhase;
			buildActionMask = 2147483647;
			files = (
				6DBBE9711F6B60FF00347388 /* MJNIndexViewSwift.swift in Sources */,
				6DB0F2E01F5F802400A91BD4 /* ViewController.swift in Sources */,
				6D9876451F60E96E0060DE71 /* testFun.swift in Sources */,
				6D4DED001F5FC420005C664C /* test.swift in Sources */,
				6DB0F2DE1F5F802400A91BD4 /* AppDelegate.swift in Sources */,
			);
			runOnlyForDeploymentPostprocessing = 0;
		};
		6DB0F2EA1F5F803B00A91BD4 /* Sources */ = {
			isa = PBXSourcesBuildPhase;
			buildActionMask = 2147483647;
			files = (
				6DB0F2F31F5F803D00A91BD4 /* Swift_TestTests.swift in Sources */,
			);
			runOnlyForDeploymentPostprocessing = 0;
		};
/* End PBXSourcesBuildPhase section */

/* Begin PBXTargetDependency section */
		6DB0F2F01F5F803B00A91BD4 /* PBXTargetDependency */ = {
			isa = PBXTargetDependency;
			target = 6DB0F2D91F5F802300A91BD4 /* Swift_Test */;
			targetProxy = 6DB0F2EF1F5F803B00A91BD4 /* PBXContainerItemProxy */;
		};
/* End PBXTargetDependency section */

/* Begin PBXVariantGroup section */
		6DB0F2E11F5F802500A91BD4 /* Main.storyboard */ = {
			isa = PBXVariantGroup;
			children = (
				6DB0F2E21F5F802500A91BD4 /* Base */,
			);
			name = Main.storyboard;
			sourceTree = "<group>";
		};
		6DB0F2E61F5F802700A91BD4 /* LaunchScreen.storyboard */ = {
			isa = PBXVariantGroup;
			children = (
				6DB0F2E71F5F802700A91BD4 /* Base */,
			);
			name = LaunchScreen.storyboard;
			sourceTree = "<group>";
		};
/* End PBXVariantGroup section */

/* Begin XCBuildConfiguration section */
		6DB0F2F51F5F803E00A91BD4 /* Debug */ = {
			isa = XCBuildConfiguration;
			buildSettings = {
				ALWAYS_SEARCH_USER_PATHS = NO;
				CLANG_ANALYZER_NONNULL = YES;
				CLANG_ANALYZER_NUMBER_OBJECT_CONVERSION = YES_AGGRESSIVE;
				CLANG_CXX_LANGUAGE_STANDARD = "gnu++0x";
				CLANG_CXX_LIBRARY = "libc++";
				CLANG_ENABLE_MODULES = YES;
				CLANG_ENABLE_OBJC_ARC = YES;
				CLANG_WARN_BOOL_CONVERSION = YES;
				CLANG_WARN_CONSTANT_CONVERSION = YES;
				CLANG_WARN_DIRECT_OBJC_ISA_USAGE = YES_ERROR;
				CLANG_WARN_DOCUMENTATION_COMMENTS = YES;
				CLANG_WARN_EMPTY_BODY = YES;
				CLANG_WARN_ENUM_CONVERSION = YES;
				CLANG_WARN_INFINITE_RECURSION = YES;
				CLANG_WARN_INT_CONVERSION = YES;
				CLANG_WARN_OBJC_ROOT_CLASS = YES_ERROR;
				CLANG_WARN_SUSPICIOUS_MOVE = YES;
				CLANG_WARN_UNREACHABLE_CODE = YES;
				CLANG_WARN__DUPLICATE_METHOD_MATCH = YES;
				"CODE_SIGN_IDENTITY[sdk=iphoneos*]" = "iPhone Developer";
				COPY_PHASE_STRIP = NO;
				DEBUG_INFORMATION_FORMAT = dwarf;
				ENABLE_STRICT_OBJC_MSGSEND = YES;
				ENABLE_TESTABILITY = YES;
				GCC_C_LANGUAGE_STANDARD = gnu99;
				GCC_DYNAMIC_NO_PIC = NO;
				GCC_NO_COMMON_BLOCKS = YES;
				GCC_OPTIMIZATION_LEVEL = 0;
				GCC_PREPROCESSOR_DEFINITIONS = (
					"DEBUG=1",
					"$(inherited)",
				);
				GCC_WARN_64_TO_32_BIT_CONVERSION = YES;
				GCC_WARN_ABOUT_RETURN_TYPE = YES_ERROR;
				GCC_WARN_UNDECLARED_SELECTOR = YES;
				GCC_WARN_UNINITIALIZED_AUTOS = YES_AGGRESSIVE;
				GCC_WARN_UNUSED_FUNCTION = YES;
				GCC_WARN_UNUSED_VARIABLE = YES;
				IPHONEOS_DEPLOYMENT_TARGET = 10.3;
				MTL_ENABLE_DEBUG_INFO = YES;
				ONLY_ACTIVE_ARCH = YES;
				SDKROOT = iphoneos;
				SWIFT_ACTIVE_COMPILATION_CONDITIONS = DEBUG;
				SWIFT_OPTIMIZATION_LEVEL = "-Onone";
				TARGETED_DEVICE_FAMILY = "1,2";
			};
			name = Debug;
		};
		6DB0F2F61F5F803E00A91BD4 /* Release */ = {
			isa = XCBuildConfiguration;
			buildSettings = {
				ALWAYS_SEARCH_USER_PATHS = NO;
				CLANG_ANALYZER_NONNULL = YES;
				CLANG_ANALYZER_NUMBER_OBJECT_CONVERSION = YES_AGGRESSIVE;
				CLANG_CXX_LANGUAGE_STANDARD = "gnu++0x";
				CLANG_CXX_LIBRARY = "libc++";
				CLANG_ENABLE_MODULES = YES;
				CLANG_ENABLE_OBJC_ARC = YES;
				CLANG_WARN_BOOL_CONVERSION = YES;
				CLANG_WARN_CONSTANT_CONVERSION = YES;
				CLANG_WARN_DIRECT_OBJC_ISA_USAGE = YES_ERROR;
				CLANG_WARN_DOCUMENTATION_COMMENTS = YES;
				CLANG_WARN_EMPTY_BODY = YES;
				CLANG_WARN_ENUM_CONVERSION = YES;
				CLANG_WARN_INFINITE_RECURSION = YES;
				CLANG_WARN_INT_CONVERSION = YES;
				CLANG_WARN_OBJC_ROOT_CLASS = YES_ERROR;
				CLANG_WARN_SUSPICIOUS_MOVE = YES;
				CLANG_WARN_UNREACHABLE_CODE = YES;
				CLANG_WARN__DUPLICATE_METHOD_MATCH = YES;
				"CODE_SIGN_IDENTITY[sdk=iphoneos*]" = "iPhone Developer";
				COPY_PHASE_STRIP = NO;
				DEBUG_INFORMATION_FORMAT = "dwarf-with-dsym";
				ENABLE_NS_ASSERTIONS = NO;
				ENABLE_STRICT_OBJC_MSGSEND = YES;
				GCC_C_LANGUAGE_STANDARD = gnu99;
				GCC_NO_COMMON_BLOCKS = YES;
				GCC_WARN_64_TO_32_BIT_CONVERSION = YES;
				GCC_WARN_ABOUT_RETURN_TYPE = YES_ERROR;
				GCC_WARN_UNDECLARED_SELECTOR = YES;
				GCC_WARN_UNINITIALIZED_AUTOS = YES_AGGRESSIVE;
				GCC_WARN_UNUSED_FUNCTION = YES;
				GCC_WARN_UNUSED_VARIABLE = YES;
				IPHONEOS_DEPLOYMENT_TARGET = 10.3;
				MTL_ENABLE_DEBUG_INFO = NO;
				SDKROOT = iphoneos;
				SWIFT_OPTIMIZATION_LEVEL = "-Owholemodule";
				TARGETED_DEVICE_FAMILY = "1,2";
				VALIDATE_PRODUCT = YES;
			};
			name = Release;
		};
		6DB0F2F81F5F803E00A91BD4 /* Debug */ = {
			isa = XCBuildConfiguration;
			buildSettings = {
				ASSETCATALOG_COMPILER_APPICON_NAME = AppIcon;
				DEVELOPMENT_TEAM = WBAAXLQG52;
				INFOPLIST_FILE = Swift_Test/Info.plist;
				IPHONEOS_DEPLOYMENT_TARGET = 9.0;
				LD_RUNPATH_SEARCH_PATHS = "$(inherited) @executable_path/Frameworks";
				PRODUCT_BUNDLE_IDENTIFIER = "cn.vrv.Swift-Test";
				PRODUCT_NAME = "$(TARGET_NAME)";
				SWIFT_VERSION = 3.0;
			};
			name = Debug;
		};
		6DB0F2F91F5F803E00A91BD4 /* Release */ = {
			isa = XCBuildConfiguration;
			buildSettings = {
				ASSETCATALOG_COMPILER_APPICON_NAME = AppIcon;
				DEVELOPMENT_TEAM = WBAAXLQG52;
				INFOPLIST_FILE = Swift_Test/Info.plist;
				IPHONEOS_DEPLOYMENT_TARGET = 9.0;
				LD_RUNPATH_SEARCH_PATHS = "$(inherited) @executable_path/Frameworks";
				PRODUCT_BUNDLE_IDENTIFIER = "cn.vrv.Swift-Test";
				PRODUCT_NAME = "$(TARGET_NAME)";
				SWIFT_VERSION = 3.0;
			};
			name = Release;
		};
		6DB0F2FB1F5F803E00A91BD4 /* Debug */ = {
			isa = XCBuildConfiguration;
			buildSettings = {
				ALWAYS_EMBED_SWIFT_STANDARD_LIBRARIES = YES;
				BUNDLE_LOADER = "$(TEST_HOST)";
				DEVELOPMENT_TEAM = WBAAXLQG52;
				INFOPLIST_FILE = Swift_TestTests/Info.plist;
				LD_RUNPATH_SEARCH_PATHS = "$(inherited) @executable_path/Frameworks @loader_path/Frameworks";
				PRODUCT_BUNDLE_IDENTIFIER = "cn.vrv.Swift-TestTests";
				PRODUCT_NAME = "$(TARGET_NAME)";
				SWIFT_VERSION = 3.0;
				TEST_HOST = "$(BUILT_PRODUCTS_DIR)/Swift_Test.app/Swift_Test";
			};
			name = Debug;
		};
		6DB0F2FC1F5F803E00A91BD4 /* Release */ = {
			isa = XCBuildConfiguration;
			buildSettings = {
				ALWAYS_EMBED_SWIFT_STANDARD_LIBRARIES = YES;
				BUNDLE_LOADER = "$(TEST_HOST)";
				DEVELOPMENT_TEAM = WBAAXLQG52;
				INFOPLIST_FILE = Swift_TestTests/Info.plist;
				LD_RUNPATH_SEARCH_PATHS = "$(inherited) @executable_path/Frameworks @loader_path/Frameworks";
				PRODUCT_BUNDLE_IDENTIFIER = "cn.vrv.Swift-TestTests";
				PRODUCT_NAME = "$(TARGET_NAME)";
				SWIFT_VERSION = 3.0;
				TEST_HOST = "$(BUILT_PRODUCTS_DIR)/Swift_Test.app/Swift_Test";
			};
			name = Release;
		};
/* End XCBuildConfiguration section */

/* Begin XCConfigurationList section */
		6DB0F2D51F5F802200A91BD4 /* Build configuration list for PBXProject "Swift_Test" */ = {
			isa = XCConfigurationList;
			buildConfigurations = (
				6DB0F2F51F5F803E00A91BD4 /* Debug */,
				6DB0F2F61F5F803E00A91BD4 /* Release */,
			);
			defaultConfigurationIsVisible = 0;
			defaultConfigurationName = Release;
		};
		6DB0F2F71F5F803E00A91BD4 /* Build configuration list for PBXNativeTarget "Swift_Test" */ = {
			isa = XCConfigurationList;
			buildConfigurations = (
				6DB0F2F81F5F803E00A91BD4 /* Debug */,
				6DB0F2F91F5F803E00A91BD4 /* Release */,
			);
			defaultConfigurationIsVisible = 0;
			defaultConfigurationName = Release;
		};
		6DB0F2FA1F5F803E00A91BD4 /* Build configuration list for PBXNativeTarget "Swift_TestTests" */ = {
			isa = XCConfigurationList;
			buildConfigurations = (
				6DB0F2FB1F5F803E00A91BD4 /* Debug */,
				6DB0F2FC1F5F803E00A91BD4 /* Release */,
			);
			defaultConfigurationIsVisible = 0;
			defaultConfigurationName = Release;
		};
/* End XCConfigurationList section */
	};
	rootObject = 6DB0F2D21F5F802200A91BD4 /* Project object */;
}
